github.com/japanoise/termbox-util v0.0.0-20190108154252-ed9f503f539b h1:niZWTRNbbvMgDpPJevej/mJueGT0OhK5ASt295xdSNI=
github.com/japanoise/termbox-util v0.0.0-20190108154252-ed9f503f539b/go.mod h1:ZmqhSd0x+KqMHbjVTc4k2JhRAjmub0yICk060FxvtoA=
github.com/kballard/go-shellquote v0.0.0-20180428030007-95032a82bc51 h1:Z9n2FFNUXsshfwJMBgNA0RU6/i7WVaAegv3PtuIHPMs=
github.com/kballard/go-shellquote v0.0.0-20180428030007-95032a82bc51/go.mod h1:CzGEWj7cYgsdH8dAjBGEr58BoE7ScuLd+fwFZ44+/x8=
github.com/mattn/go-runewidth v0.0.9/go.mod h1:H031xJmbD/WCDINGzjvQ9THkh0rPKHF+m2gUSrubnMI=
github.com/mattn/go-runewidth v0.0.13 h1:lTGmDsbAYt5DmK6OnoV7EuIF1wEIFAcxld6ypU4OSgU=
github.com/mattn/go-runewidth v0.0.13/go.mod h1:Jdepj2loyihRzMpdS35Xk/zdY8IAYHsh153qUoGf23w=
github.com/mitchellh/go-homedir v1.1.0 h1:lukF9ziXFxDFPkA1vsr5zpc1XuPDn/wFntq5mG+4E0Y=
github.com/mitchellh/go-homedir v1.1.0/go.mod h1:SfyaCUpYCn1Vlf4IUYiD9fPX4A5wJrkLzIz1N1q0pr0=
github.com/nsf/termbox-go v1.1.1 h1:nksUPLCb73Q++DwbYUBEglYBRPZyoXJdrj5L+TkjyZY=
github.com/nsf/termbox-go v1.1.1/go.mod h1:T0cTdVuOwf7pHQNtfhnEbzHbcNyCEcVU4YPpouCbVxo=
github.com/rivo/uniseg v0.2.0 h1:S1pD9weZBuJdFmowNwbpi7BJ8TNftyUImj/0WQi72jY=
github.com/rivo/uniseg v0.2.0/go.mod h1:J6wj4VEh+S6ZtnVlnTBMWIodfgj8LQOQFoIToxlJtxc=
github.com/zhemao/glisp v0.0.0-20160128211312-e484114abe65 h1:0uPdJhkDxfthY9sgTwzurdUpoMZm4tZjP8ZqzuR4cQc=
github.com/zhemao/glisp v0.0.0-20160128211312-e484114abe65/go.mod h1:ubpPVgzNxWu1zvbRwZtXJkNEl5uF4GhLSPCQ8U2hPsQ=
github.com/zyedidia/highlight v0.0.0-20200217010119-291680feaca1 h1:8oQDIgT8V1yyEoEvvoXkSfoJgSst+dUEwunxq8fbs1c=
github.com/zyedidia/highlight v0.0.0-20200217010119-291680feaca1/go.mod h1:c1r+Ob9tUTPB0FKWO1+x+Hsc/zNa45WdGq7Y38Ybip0=
gopkg.in/check.v1 v0.0.0-20161208181325-20d25e280405 h1:yhCVgyC4o1eVCa2tZl7eS0r+SDo693bJlVdllGtEeKM=
gopkg.in/check.v1 v0.0.0-20161208181325-20d25e280405/go.mod h1:Co6ibVJAznAaIkqp8huTwlJQCZ016jof/cbN4VW5Yz0=
gopkg.in/yaml.v2 v2.4.0 h1:D8xgwECY7CYvx+Y2n4sBz93Jn9JRvxdiyyo8CTfuKaY=
gopkg.in/yaml.v2 v2.4.0/go.mod h1:RDklbk79AGWmwhnvt/jBztapEOGDOx6ZbXqjP6csGnQ=
